
Microsoft Visual Studio Solution File, Format Version 12.00
# Visual Studio Version 17
VisualStudioVersion = 17.0.31903.59
MinimumVisualStudioVersion = 10.0.40219.1
Project("{FAE04EC0-301F-11D3-BF4B-00C04F79EFBC}") = "PERPETUUM", "PERPETUUM.csproj", "{64B6E6BD-0FD2-4F23-936C-883D1BCCE865}"
EndProject
Project("{FAE04EC0-301F-11D3-BF4B-00C04F79EFBC}") = "PERPETUUM.Tests", "PERPETUUM.Tests\PERPETUUM.Tests.csproj", "{B29EF319-732A-4459-B6C2-7B8E261A5297}"
EndProject
Global
	GlobalSection(SolutionConfigurationPlatforms) = preSolution
		Debug|Any CPU = Debug|Any CPU
		Release|Any CPU = Release|Any CPU
	EndGlobalSection
	GlobalSection(SolutionProperties) = preSolution
		HideSolutionNode = FALSE
	EndGlobalSection
	GlobalSection(ProjectConfigurationPlatforms) = postSolution
		{64B6E6BD-0FD2-4F23-936C-883D1BCCE865}.Debug|Any CPU.ActiveCfg = Debug|Any CPU
		{64B6E6BD-0FD2-4F23-936C-883D1BCCE865}.Debug|Any CPU.Build.0 = Debug|Any CPU
		{64B6E6BD-0FD2-4F23-936C-883D1BCCE865}.Release|Any CPU.ActiveCfg = Release|Any CPU
		{64B6E6BD-0FD2-4F23-936C-883D1BCCE865}.Release|Any CPU.Build.0 = Release|Any CPU
		{B29EF319-732A-4459-B6C2-7B8E261A5297}.Debug|Any CPU.ActiveCfg = Debug|Any CPU
		{B29EF319-732A-4459-B6C2-7B8E261A5297}.Debug|Any CPU.Build.0 = Debug|Any CPU
		{B29EF319-732A-4459-B6C2-7B8E261A5297}.Release|Any CPU.ActiveCfg = Release|Any CPU
		{B29EF319-732A-4459-B6C2-7B8E261A5297}.Release|Any CPU.Build.0 = Release|Any CPU
	EndGlobalSection
EndGlobal
